// !$*UTF8*$!
{ archiveVersion = 1; classes = {}; objectVersion = 56; objects = {
C84000000000000000000001 = { isa = PBXFileReference; lastKnownFileType = folder.assetcatalog; path = macOS/Assets.xcassets; sourceTree = SOURCE_ROOT; };
C84000000000000000000002 = { isa = PBXBuildFile; fileRef = C84000000000000000000001; };
C84000000000000000000003 = { isa = PBXFileReference; lastKnownFileType = text.xml; path = macOS/PrivacyInfo.xcprivacy; sourceTree = SOURCE_ROOT; };
C84000000000000000000004 = { isa = PBXBuildFile; fileRef = C84000000000000000000003; };
C83000000000000000000001 = { isa = PBXFileReference; lastKnownFileType = image.png; path = "../mac/HedonismUploader/Sources/HedonismUploader/Resources/LumiereMark.png"; sourceTree = SOURCE_ROOT; };
C83000000000000000000002 = { isa = PBXBuildFile; fileRef = C83000000000000000000001; };
C83000000000000000000003 = { isa = PBXResourcesBuildPhase; buildActionMask = 2147483647; files = (C83000000000000000000002,C84000000000000000000002,C84000000000000000000004); runOnlyForDeploymentPostprocessing = 0; };
582681C2EAE02B3F3D399C0C = { isa = XCLocalSwiftPackageReference; relativePath = ../mac/HedonismUploader; };
4B1BE8378B23BEA60D0D0047 = { isa = PBXFileReference; lastKnownFileType = sourcecode.swift; path = "../mac/HedonismUploader/Sources/HedonismUploader/AppModel.swift"; sourceTree = SOURCE_ROOT; };
1BDDD26CF7AC88FBCA34FCE8 = { isa = PBXBuildFile; fileRef = 4B1BE8378B23BEA60D0D0047; };
DEC48B0094F280DE8A4A6DBB = { isa = PBXFileReference; lastKnownFileType = sourcecode.swift; path = "../mac/HedonismUploader/Sources/HedonismUploader/HedonismUploaderApp.swift"; sourceTree = SOURCE_ROOT; };
A1D40E623B9747C308258600 = { isa = PBXBuildFile; fileRef = DEC48B0094F280DE8A4A6DBB; };
B09894DA39DE45628BBAF474 = { isa = PBXFileReference; lastKnownFileType = sourcecode.swift; path = "../mac/HedonismUploader/Sources/HedonismUploader/Keychain.swift"; sourceTree = SOURCE_ROOT; };
2586BB8F2141AAC1AF899398 = { isa = PBXBuildFile; fileRef = B09894DA39DE45628BBAF474; };
BE0D31D85940129F06876E29 = { isa = PBXFileReference; lastKnownFileType = sourcecode.swift; path = "../mac/HedonismUploader/Sources/HedonismUploader/DesktopServices.swift"; sourceTree = SOURCE_ROOT; };
66A25219DA145F762185F693 = { isa = PBXBuildFile; fileRef = BE0D31D85940129F06876E29; };
C38FB9BEFD0F4324A0DC654B = { isa = PBXFileReference; lastKnownFileType = sourcecode.swift; path = "../mac/HedonismUploader/Sources/HedonismUploader/VolumeWatcher.swift"; sourceTree = SOURCE_ROOT; };
4571A3FE838748B0EA795E9E = { isa = PBXBuildFile; fileRef = C38FB9BEFD0F4324A0DC654B; };
E3F63B5789164655488FBB73 = { isa = PBXGroup; children = (8159EE251AAB205EBD398E3D,06732207E0A8E304A9036164,447BDC9836FA818DC3680CA8,8A6FCD08D8E997F25516578B,60ED2CB82B5328E395C63982,2E73743934BC5FC8FCB1A73B,C84000000000000000000001,C84000000000000000000003,C83000000000000000000001,4B1BE8378B23BEA60D0D0047,DEC48B0094F280DE8A4A6DBB,B09894DA39DE45628BBAF474,BE0D31D85940129F06876E29,C38FB9BEFD0F4324A0DC654B); name = Cogsworth; sourceTree = "<group>"; };
F42B014B10603D581205C9C0 = { isa = PBXFileReference; explicitFileType = wrapper.application; path = Cogsworth.app; sourceTree = BUILT_PRODUCTS_DIR; };
C16F71EF0567E9F091FC6CB0 = { isa = XCSwiftPackageProductDependency; package = 582681C2EAE02B3F3D399C0C; productName = UploaderCore; };
1CABDC3D2A5A254FC0C59C64 = { isa = PBXBuildFile; productRef = C16F71EF0567E9F091FC6CB0; };
CD6ECFF1E85C491801D8D806 = { isa = PBXSourcesBuildPhase; buildActionMask = 2147483647; files = (2A466C248D654AAF86BBE44F,9FB63B912F5262816406F72F,1BDDD26CF7AC88FBCA34FCE8,A1D40E623B9747C308258600,2586BB8F2141AAC1AF899398,66A25219DA145F762185F693,4571A3FE838748B0EA795E9E); runOnlyForDeploymentPostprocessing = 0; };
6C2AAFE92A13E336D34EFDEC = { isa = PBXFrameworksBuildPhase; buildActionMask = 2147483647; files = (1CABDC3D2A5A254FC0C59C64,BC0099B665340C2CCD7B09EB); runOnlyForDeploymentPostprocessing = 0; };
7B369B0C02138C404FAA0A46 = { isa = XCBuildConfiguration; buildSettings = { PRODUCT_BUNDLE_IDENTIFIER = host.lumiere.Cogsworth; INFOPLIST_KEY_CFBundleDisplayName = Cogsworth; MARKETING_VERSION = 1.0.0; CURRENT_PROJECT_VERSION = 1; ASSETCATALOG_COMPILER_APPICON_NAME = AppIcon; INFOPLIST_KEY_LSApplicationCategoryType = "public.app-category.photography"; PRODUCT_NAME = "$(TARGET_NAME)"; SWIFT_VERSION = 5.0; GENERATE_INFOPLIST_FILE = YES; CODE_SIGN_STYLE = Automatic; SDKROOT = macosx; MACOSX_DEPLOYMENT_TARGET = 14.0; ARCHS = arm64; ENABLE_USER_SCRIPT_SANDBOXING = NO; INFOPLIST_KEY_LSUIElement = YES; ENABLE_APP_SANDBOX = NO; ONLY_ACTIVE_ARCH = YES; SWIFT_ACTIVE_COMPILATION_CONDITIONS = DEBUG; SWIFT_OPTIMIZATION_LEVEL = "-Onone"; }; name = Debug; };
A8FCE6F4D589794AC04181E7 = { isa = XCBuildConfiguration; buildSettings = { PRODUCT_BUNDLE_IDENTIFIER = host.lumiere.Cogsworth; INFOPLIST_KEY_CFBundleDisplayName = Cogsworth; MARKETING_VERSION = 1.0.0; CURRENT_PROJECT_VERSION = 1; ASSETCATALOG_COMPILER_APPICON_NAME = AppIcon; INFOPLIST_KEY_LSApplicationCategoryType = "public.app-category.photography"; PRODUCT_NAME = "$(TARGET_NAME)"; SWIFT_VERSION = 5.0; GENERATE_INFOPLIST_FILE = YES; CODE_SIGN_STYLE = Automatic; SDKROOT = macosx; MACOSX_DEPLOYMENT_TARGET = 14.0; ARCHS = arm64; ENABLE_USER_SCRIPT_SANDBOXING = NO; INFOPLIST_KEY_LSUIElement = YES; ENABLE_APP_SANDBOX = NO; SWIFT_OPTIMIZATION_LEVEL = "-O"; }; name = Release; };
C85000000000000000000001 = { isa = XCBuildConfiguration; buildSettings = { PRODUCT_BUNDLE_IDENTIFIER = host.lumiere.Cogsworth; INFOPLIST_KEY_CFBundleDisplayName = Cogsworth; MARKETING_VERSION = 1.0.0; CURRENT_PROJECT_VERSION = 3; ASSETCATALOG_COMPILER_APPICON_NAME = AppIcon; INFOPLIST_KEY_LSApplicationCategoryType = "public.app-category.photography"; PRODUCT_NAME = "$(TARGET_NAME)"; SWIFT_VERSION = 5.0; GENERATE_INFOPLIST_FILE = YES; CODE_SIGN_STYLE = Automatic; SDKROOT = macosx; MACOSX_DEPLOYMENT_TARGET = 14.0; ARCHS = arm64; ENABLE_USER_SCRIPT_SANDBOXING = NO; INFOPLIST_KEY_LSUIElement = YES; ENABLE_APP_SANDBOX = YES; CODE_SIGN_ENTITLEMENTS = macOS/Cogsworth.entitlements; ENABLE_HARDENED_RUNTIME = YES; SWIFT_OPTIMIZATION_LEVEL = "-O"; }; name = AppStore; };
C85000000000000000000002 = { isa = XCBuildConfiguration; buildSettings = { CLANG_ENABLE_MODULES = YES; SWIFT_OPTIMIZATION_LEVEL = "-O"; }; name = AppStore; };
1C7EAD79E3A34EE34863AF7C = { isa = XCConfigurationList; buildConfigurations = (7B369B0C02138C404FAA0A46,A8FCE6F4D589794AC04181E7,C85000000000000000000001); defaultConfigurationIsVisible = 0; defaultConfigurationName = Release; };
C1F24C360BBD9096918EA549 = { isa = PBXNativeTarget; buildConfigurationList = 1C7EAD79E3A34EE34863AF7C; buildPhases = (CD6ECFF1E85C491801D8D806,6C2AAFE92A13E336D34EFDEC,C83000000000000000000003,481B82474B56976A0F11024A); buildRules = (); dependencies = (41D8549E78069EBB7F3EC873,757C7CE8E271B078E87BA28B); name = Cogsworth; packageProductDependencies = (C16F71EF0567E9F091FC6CB0,5DCE4A90EC065844DFBA3E3F); productName = Cogsworth; productReference = F42B014B10603D581205C9C0; productType = "com.apple.product-type.application"; };
DCB233273F4488AD4F1C2C19 = { isa = PBXFileReference; lastKnownFileType = sourcecode.swift; path = "iOS/MobileUploaderApp.swift"; sourceTree = SOURCE_ROOT; };
9EE32B85FF94F508F1A59784 = { isa = PBXBuildFile; fileRef = DCB233273F4488AD4F1C2C19; };
78F0E1ADB48DD6B5C3D2C0AF = { isa = PBXFileReference; lastKnownFileType = sourcecode.swift; path = "../mac/HedonismUploader/Sources/HedonismUploader/Keychain.swift"; sourceTree = SOURCE_ROOT; };
AA5318248DC10690A31C828F = { isa = PBXBuildFile; fileRef = 78F0E1ADB48DD6B5C3D2C0AF; };
D1E7DC6BB8E080F71C755F9F = { isa = PBXGroup; children = (C72000000000000000000001,C71000000000000000000001,4DDE1B02B46FB05CF1955EC0,DCB233273F4488AD4F1C2C19,78F0E1ADB48DD6B5C3D2C0AF); name = Chip; sourceTree = "<group>"; };
87C00A466AC27399F25ACD87 = { isa = PBXFileReference; explicitFileType = wrapper.application; path = "Chip by Lumière.app"; sourceTree = BUILT_PRODUCTS_DIR; };
87D7F891691E3DBB470B522B = { isa = XCSwiftPackageProductDependency; package = 582681C2EAE02B3F3D399C0C; productName = UploaderCore; };
E29E2ECC4408AAD867BA2C71 = { isa = PBXBuildFile; productRef = 87D7F891691E3DBB470B522B; };
441303537010773F88BE037F = { isa = PBXSourcesBuildPhase; buildActionMask = 2147483647; files = (9EE32B85FF94F508F1A59784,AA5318248DC10690A31C828F); runOnlyForDeploymentPostprocessing = 0; };
A46ED7209E13E6927ED96C4C = { isa = PBXFrameworksBuildPhase; buildActionMask = 2147483647; files = (E29E2ECC4408AAD867BA2C71); runOnlyForDeploymentPostprocessing = 0; };
229175B492E5E1FB47276185 = { isa = XCBuildConfiguration; buildSettings = { PRODUCT_BUNDLE_IDENTIFIER = social.hotmess.LumiereMobile; INFOPLIST_KEY_CFBundleDisplayName = "Chip by Lumière"; INFOPLIST_FILE = iOS/Info.plist; ASSETCATALOG_COMPILER_APPICON_NAME = AppIcon; MARKETING_VERSION = 1.0.0; CURRENT_PROJECT_VERSION = 3; PRODUCT_NAME = Chip; SWIFT_VERSION = 5.0; GENERATE_INFOPLIST_FILE = YES; CODE_SIGN_STYLE = Automatic; SDKROOT = iphoneos; IPHONEOS_DEPLOYMENT_TARGET = 16.0; TARGETED_DEVICE_FAMILY = "1,2"; SUPPORTED_PLATFORMS = "iphoneos iphonesimulator"; INFOPLIST_KEY_UILaunchScreen_Generation = YES; INFOPLIST_KEY_UIApplicationSceneManifest_Generation = YES; ONLY_ACTIVE_ARCH = YES; SWIFT_ACTIVE_COMPILATION_CONDITIONS = DEBUG; SWIFT_OPTIMIZATION_LEVEL = "-Onone"; }; name = Debug; };
D4DE46F240EA2984DC60E839 = { isa = XCBuildConfiguration; buildSettings = { PRODUCT_BUNDLE_IDENTIFIER = social.hotmess.LumiereMobile; INFOPLIST_KEY_CFBundleDisplayName = "Chip by Lumière"; INFOPLIST_FILE = iOS/Info.plist; ASSETCATALOG_COMPILER_APPICON_NAME = AppIcon; MARKETING_VERSION = 1.0.0; CURRENT_PROJECT_VERSION = 3; PRODUCT_NAME = Chip; SWIFT_VERSION = 5.0; GENERATE_INFOPLIST_FILE = YES; CODE_SIGN_STYLE = Automatic; SDKROOT = iphoneos; IPHONEOS_DEPLOYMENT_TARGET = 16.0; TARGETED_DEVICE_FAMILY = "1,2"; SUPPORTED_PLATFORMS = "iphoneos iphonesimulator"; INFOPLIST_KEY_UILaunchScreen_Generation = YES; INFOPLIST_KEY_UIApplicationSceneManifest_Generation = YES; SWIFT_OPTIMIZATION_LEVEL = "-O"; }; name = Release; };
5577C1D1AD7D7F2B93315D4F = { isa = XCConfigurationList; buildConfigurations = (229175B492E5E1FB47276185,D4DE46F240EA2984DC60E839); defaultConfigurationIsVisible = 0; defaultConfigurationName = Release; };
0A3B52F20478AFF17656659D = { isa = PBXNativeTarget; buildConfigurationList = 5577C1D1AD7D7F2B93315D4F; buildPhases = (441303537010773F88BE037F,A46ED7209E13E6927ED96C4C,C72000000000000000000003); buildRules = (); dependencies = (); name = Chip; packageProductDependencies = (87D7F891691E3DBB470B522B); productName = Chip; productReference = 87C00A466AC27399F25ACD87; productType = "com.apple.product-type.application"; };
FBDC4F23F93125BBEEAE800C = { isa = PBXGroup; children = (3E03BFA3BE1F29A895A14844,FF13BD0A71AAEADC27C86A8F,713EAA004B6F70CC404BD1C8,9D3AD977850B7EAC0E4F6585,F42B014B10603D581205C9C0,87C00A466AC27399F25ACD87); name = Products; sourceTree = "<group>"; };
B28B7AF69320201D1CF206EB = { isa = PBXGroup; children = (6EE8740E3505E8F48301A934,E3F63B5789164655488FBB73,D1E7DC6BB8E080F71C755F9F,FBDC4F23F93125BBEEAE800C); sourceTree = "<group>"; };
89E1FD6268CC0F221A2BE178 = { isa = XCBuildConfiguration; buildSettings = { CLANG_ENABLE_MODULES = YES; ONLY_ACTIVE_ARCH = YES; SWIFT_ACTIVE_COMPILATION_CONDITIONS = DEBUG; SWIFT_OPTIMIZATION_LEVEL = "-Onone"; }; name = Debug; };
E6DE6C99132752C914FEF632 = { isa = XCBuildConfiguration; buildSettings = { CLANG_ENABLE_MODULES = YES; SWIFT_OPTIMIZATION_LEVEL = "-O"; }; name = Release; };
862894B703A6DEDF96A9DD6C = { isa = XCConfigurationList; buildConfigurations = (89E1FD6268CC0F221A2BE178,E6DE6C99132752C914FEF632,C85000000000000000000002); defaultConfigurationIsVisible = 0; defaultConfigurationName = Release; };
98F54143AB4E86B28C3AFEE0 = { isa = PBXProject; attributes = { LastUpgradeCheck = 2700; }; buildConfigurationList = 862894B703A6DEDF96A9DD6C; compatibilityVersion = "Xcode 14.0"; developmentRegion = en; knownRegions = (en,Base); mainGroup = B28B7AF69320201D1CF206EB; packageReferences = (582681C2EAE02B3F3D399C0C); productRefGroup = FBDC4F23F93125BBEEAE800C; projectDirPath = ""; projectRoot = ""; targets = (776EA9DA6BF80E918C213F13,59607F45FC77874012527472,57AF573B82D999A490193ABD,D24B997AF00C71C20D86BE4D,C1F24C360BBD9096918EA549,0A3B52F20478AFF17656659D); };

4DDE1B02B46FB05CF1955EC0 = { isa = PBXFileReference; lastKnownFileType = sourcecode.swift; path = UITests/MobileUploaderUITests.swift; sourceTree = SOURCE_ROOT; };
8F69D2603037B23E80BB9FA3 = { isa = PBXBuildFile; fileRef = 4DDE1B02B46FB05CF1955EC0; };
9D3AD977850B7EAC0E4F6585 = { isa = PBXFileReference; explicitFileType = wrapper.cfbundle; path = ChipUITests.xctest; sourceTree = BUILT_PRODUCTS_DIR; };
10FC09253D179ED4E498250D = { isa = PBXSourcesBuildPhase; buildActionMask = 2147483647; files = (8F69D2603037B23E80BB9FA3); runOnlyForDeploymentPostprocessing = 0; };
45BD6CC5770382E638123F86 = { isa = PBXFrameworksBuildPhase; buildActionMask = 2147483647; files = (); runOnlyForDeploymentPostprocessing = 0; };
5538D6C94541880BC3B9A168 = { isa = PBXContainerItemProxy; containerPortal = 98F54143AB4E86B28C3AFEE0; proxyType = 1; remoteGlobalIDString = 0A3B52F20478AFF17656659D; remoteInfo = Chip; };
24A9817702DACA7B798D84ED = { isa = PBXTargetDependency; target = 0A3B52F20478AFF17656659D; targetProxy = 5538D6C94541880BC3B9A168; };
59CE1A55E3C0DC7EDB1A684D = { isa = XCBuildConfiguration; buildSettings = { PRODUCT_BUNDLE_IDENTIFIER = social.hotmess.LumiereMobileUITests; PRODUCT_NAME = "$(TARGET_NAME)"; SWIFT_VERSION = 5.0; GENERATE_INFOPLIST_FILE = YES; CODE_SIGN_STYLE = Automatic; SDKROOT = iphoneos; IPHONEOS_DEPLOYMENT_TARGET = 16.0; TARGETED_DEVICE_FAMILY = "1,2"; SUPPORTED_PLATFORMS = "iphoneos iphonesimulator"; TEST_TARGET_NAME = Chip; }; name = Debug; };
003254340176A76C2BC8F6D4 = { isa = XCBuildConfiguration; buildSettings = { PRODUCT_BUNDLE_IDENTIFIER = social.hotmess.LumiereMobileUITests; PRODUCT_NAME = "$(TARGET_NAME)"; SWIFT_VERSION = 5.0; GENERATE_INFOPLIST_FILE = YES; CODE_SIGN_STYLE = Automatic; SDKROOT = iphoneos; IPHONEOS_DEPLOYMENT_TARGET = 16.0; TARGETED_DEVICE_FAMILY = "1,2"; SUPPORTED_PLATFORMS = "iphoneos iphonesimulator"; TEST_TARGET_NAME = Chip; }; name = Release; };
3646145E0A90C6FF41610EFE = { isa = XCConfigurationList; buildConfigurations = (59CE1A55E3C0DC7EDB1A684D,003254340176A76C2BC8F6D4); defaultConfigurationIsVisible = 0; defaultConfigurationName = Release; };
D24B997AF00C71C20D86BE4D = { isa = PBXNativeTarget; buildConfigurationList = 3646145E0A90C6FF41610EFE; buildPhases = (10FC09253D179ED4E498250D,45BD6CC5770382E638123F86); buildRules = (); dependencies = (24A9817702DACA7B798D84ED); name = ChipUITests; productName = ChipUITests; productReference = 9D3AD977850B7EAC0E4F6585; productType = "com.apple.product-type.bundle.ui-testing"; };
C71000000000000000000001 = { isa = PBXFileReference; lastKnownFileType = text.xml; path = iOS/PrivacyInfo.xcprivacy; sourceTree = SOURCE_ROOT; };
C71000000000000000000002 = { isa = PBXBuildFile; fileRef = C71000000000000000000001; };
C72000000000000000000001 = { isa = PBXFileReference; lastKnownFileType = folder.assetcatalog; path = iOS/Assets.xcassets; sourceTree = SOURCE_ROOT; };
C72000000000000000000002 = { isa = PBXBuildFile; fileRef = C72000000000000000000001; };
C72000000000000000000003 = { isa = PBXResourcesBuildPhase; buildActionMask = 2147483647; files = (C71000000000000000000002,C72000000000000000000002); runOnlyForDeploymentPostprocessing = 0; };
C74000000000000000000001 = { isa = PBXShellScriptBuildPhase; alwaysOutOfDate = 1; buildActionMask = 2147483647; files = (); inputPaths = (); outputPaths = (); runOnlyForDeploymentPostprocessing = 0; shellPath = /bin/sh; name = "Embed bundled Python"; shellScript = "set -eu\nscript_dir=\"$SRCROOT/../mac/HedonismUploader/script\"\nruntime=\"$TARGET_BUILD_DIR/$UNLOCALIZED_RESOURCES_FOLDER_PATH/Python\"\n\"$script_dir/bundle-python.sh\" \"$runtime\"\nif [ \"${CODE_SIGNING_ALLOWED:-NO}\" = YES ]; then COGSWORTH_SIGNING_IDENTITY=\"${EXPANDED_CODE_SIGN_IDENTITY:--}\" \"$script_dir/sign-python.sh\" \"$runtime\"; fi\n"; };

8159EE251AAB205EBD398E3D = { isa = PBXFileReference; lastKnownFileType = sourcecode.swift; path = "../mac/HedonismUploader/Sources/HedonismUploader/XPCClients.swift"; sourceTree = SOURCE_ROOT; };
2A466C248D654AAF86BBE44F = { isa = PBXBuildFile; fileRef = 8159EE251AAB205EBD398E3D; };
06732207E0A8E304A9036164 = { isa = PBXFileReference; lastKnownFileType = sourcecode.swift; path = "../mac/HedonismUploader/Sources/HedonismUploader/FolderPermissions.swift"; sourceTree = SOURCE_ROOT; };
9FB63B912F5262816406F72F = { isa = PBXBuildFile; fileRef = 06732207E0A8E304A9036164; };
5DCE4A90EC065844DFBA3E3F = { isa = XCSwiftPackageProductDependency; package = 582681C2EAE02B3F3D399C0C; productName = CogsworthIPC; };
BC0099B665340C2CCD7B09EB = { isa = PBXBuildFile; productRef = 5DCE4A90EC065844DFBA3E3F; };
447BDC9836FA818DC3680CA8 = { isa = PBXFileReference; lastKnownFileType = sourcecode.swift; path = "macOS/UploaderXPC/main.swift"; sourceTree = SOURCE_ROOT; };
BFF0A951B4E78DC2B9EA1463 = { isa = PBXBuildFile; fileRef = 447BDC9836FA818DC3680CA8; };
1689DAB684BF060AF3475961 = { isa = PBXSourcesBuildPhase; buildActionMask = 2147483647; files = (BFF0A951B4E78DC2B9EA1463); runOnlyForDeploymentPostprocessing = 0; };
020AAED9B245D70BC4CC43D3 = { isa = XCSwiftPackageProductDependency; package = 582681C2EAE02B3F3D399C0C; productName = CogsworthIPC; };
5A5EA5FE48F28CAEF8F84C68 = { isa = PBXBuildFile; productRef = 020AAED9B245D70BC4CC43D3; };
0BB147BB4780F9C6B20C8F7E = { isa = XCSwiftPackageProductDependency; package = 582681C2EAE02B3F3D399C0C; productName = UploaderCore; };
0F99D9737A46D959EA26BC9F = { isa = PBXBuildFile; productRef = 0BB147BB4780F9C6B20C8F7E; };
B6B54120BCD09DF7BA519588 = { isa = PBXFrameworksBuildPhase; buildActionMask = 2147483647; files = (5A5EA5FE48F28CAEF8F84C68,0F99D9737A46D959EA26BC9F); runOnlyForDeploymentPostprocessing = 0; };
01B485A4D2EF53FA2BEEA1D4 = { isa = XCBuildConfiguration; buildSettings = { PRODUCT_BUNDLE_IDENTIFIER = host.lumiere.Cogsworth.Uploader; PRODUCT_NAME = CogsworthUploader; SWIFT_VERSION = 5.0; SDKROOT = macosx; MACOSX_DEPLOYMENT_TARGET = 14.0; ARCHS = arm64; INFOPLIST_FILE = macOS/UploaderXPC/Info.plist; GENERATE_INFOPLIST_FILE = NO; CODE_SIGN_STYLE = Automatic; CODE_SIGN_ENTITLEMENTS = macOS/UploaderXPC/Uploader.entitlements; ENABLE_APP_SANDBOX = YES; ENABLE_HARDENED_RUNTIME = YES; SKIP_INSTALL = YES; MARKETING_VERSION = 1.0.0; CURRENT_PROJECT_VERSION = 1; ENABLE_USER_SCRIPT_SANDBOXING = NO; SWIFT_OPTIMIZATION_LEVEL = "-Onone"; }; name = Debug; };
5395BFBADEC699125EF5E673 = { isa = XCBuildConfiguration; buildSettings = { PRODUCT_BUNDLE_IDENTIFIER = host.lumiere.Cogsworth.Uploader; PRODUCT_NAME = CogsworthUploader; SWIFT_VERSION = 5.0; SDKROOT = macosx; MACOSX_DEPLOYMENT_TARGET = 14.0; ARCHS = arm64; INFOPLIST_FILE = macOS/UploaderXPC/Info.plist; GENERATE_INFOPLIST_FILE = NO; CODE_SIGN_STYLE = Automatic; CODE_SIGN_ENTITLEMENTS = macOS/UploaderXPC/Uploader.entitlements; ENABLE_APP_SANDBOX = YES; ENABLE_HARDENED_RUNTIME = YES; SKIP_INSTALL = YES; MARKETING_VERSION = 1.0.0; CURRENT_PROJECT_VERSION = 1; ENABLE_USER_SCRIPT_SANDBOXING = NO; SWIFT_OPTIMIZATION_LEVEL = "-O"; }; name = Release; };
AAE175B52431B806F8CF4E4D = { isa = XCBuildConfiguration; buildSettings = { PRODUCT_BUNDLE_IDENTIFIER = host.lumiere.Cogsworth.Uploader; PRODUCT_NAME = CogsworthUploader; SWIFT_VERSION = 5.0; SDKROOT = macosx; MACOSX_DEPLOYMENT_TARGET = 14.0; ARCHS = arm64; INFOPLIST_FILE = macOS/UploaderXPC/Info.plist; GENERATE_INFOPLIST_FILE = NO; CODE_SIGN_STYLE = Automatic; CODE_SIGN_ENTITLEMENTS = macOS/UploaderXPC/Uploader.entitlements; ENABLE_APP_SANDBOX = YES; ENABLE_HARDENED_RUNTIME = YES; SKIP_INSTALL = YES; MARKETING_VERSION = 1.0.0; CURRENT_PROJECT_VERSION = 3; ENABLE_USER_SCRIPT_SANDBOXING = NO; SWIFT_OPTIMIZATION_LEVEL = "-O"; }; name = AppStore; };
C2D42C85432A56DB7F641B3D = { isa = XCConfigurationList; buildConfigurations = (01B485A4D2EF53FA2BEEA1D4,5395BFBADEC699125EF5E673,AAE175B52431B806F8CF4E4D); defaultConfigurationIsVisible = 0; defaultConfigurationName = Release; };
FF13BD0A71AAEADC27C86A8F = { isa = PBXFileReference; explicitFileType = "wrapper.xpc-service"; path = CogsworthUploader.xpc; sourceTree = BUILT_PRODUCTS_DIR; };
59607F45FC77874012527472 = { isa = PBXNativeTarget; buildConfigurationList = C2D42C85432A56DB7F641B3D; buildPhases = (1689DAB684BF060AF3475961,B6B54120BCD09DF7BA519588,64264D503E9664683E698D75); buildRules = (); dependencies = (); name = CogsworthUploader; packageProductDependencies = (020AAED9B245D70BC4CC43D3,0BB147BB4780F9C6B20C8F7E); productName = CogsworthUploader; productReference = FF13BD0A71AAEADC27C86A8F; productType = "com.apple.product-type.xpc-service"; };
1B9D23870E047681089F3390 = { isa = PBXContainerItemProxy; containerPortal = 98F54143AB4E86B28C3AFEE0; proxyType = 1; remoteGlobalIDString = 59607F45FC77874012527472; remoteInfo = CogsworthUploader; };
41D8549E78069EBB7F3EC873 = { isa = PBXTargetDependency; target = 59607F45FC77874012527472; targetProxy = 1B9D23870E047681089F3390; };
B1B39F221E666A589A54F282 = { isa = PBXBuildFile; fileRef = FF13BD0A71AAEADC27C86A8F; settings = { ATTRIBUTES = (CodeSignOnCopy,RemoveHeadersOnCopy); }; };
8A6FCD08D8E997F25516578B = { isa = PBXFileReference; lastKnownFileType = sourcecode.swift; path = "macOS/MLXPC/main.swift"; sourceTree = SOURCE_ROOT; };
D546809FC20A010BCF608C1D = { isa = PBXBuildFile; fileRef = 8A6FCD08D8E997F25516578B; };
60ED2CB82B5328E395C63982 = { isa = PBXFileReference; lastKnownFileType = sourcecode.c.c; path = "macOS/MLXPC/PythonEmbed.c"; sourceTree = SOURCE_ROOT; };
8BF41E09B4CB6EF47CE2183F = { isa = PBXBuildFile; fileRef = 60ED2CB82B5328E395C63982; };
2E73743934BC5FC8FCB1A73B = { isa = PBXFileReference; lastKnownFileType = sourcecode.c.h; path = "macOS/MLXPC/PythonEmbed.h"; sourceTree = SOURCE_ROOT; };
0589AD0736909B3615EFD138 = { isa = PBXSourcesBuildPhase; buildActionMask = 2147483647; files = (D546809FC20A010BCF608C1D,8BF41E09B4CB6EF47CE2183F); runOnlyForDeploymentPostprocessing = 0; };
64087FF07CD378C930DAEDBF = { isa = XCSwiftPackageProductDependency; package = 582681C2EAE02B3F3D399C0C; productName = CogsworthIPC; };
41B003AB97F1716D6AA02BC4 = { isa = PBXBuildFile; productRef = 64087FF07CD378C930DAEDBF; };
569469F92F2BB5A67B400502 = { isa = PBXFrameworksBuildPhase; buildActionMask = 2147483647; files = (41B003AB97F1716D6AA02BC4); runOnlyForDeploymentPostprocessing = 0; };
81F9E9B37DC6CA47C6407CD8 = { isa = PBXShellScriptBuildPhase; alwaysOutOfDate = 1; buildActionMask = 2147483647; files = (); inputPaths = (); outputPaths = (); runOnlyForDeploymentPostprocessing = 0; shellPath = /bin/sh; name = "Bundle embedded Python framework"; shellScript = "set -eu\n\"$SRCROOT/../mac/HedonismUploader/script/bundle-python-framework.sh\" \"$TARGET_BUILD_DIR/$FRAMEWORKS_FOLDER_PATH/Python.framework\"\n"; };
CA8D33202595EC6A486FAB4A = { isa = XCBuildConfiguration; buildSettings = { PRODUCT_BUNDLE_IDENTIFIER = host.lumiere.Cogsworth.ML; PRODUCT_NAME = CogsworthML; SWIFT_VERSION = 5.0; SDKROOT = macosx; MACOSX_DEPLOYMENT_TARGET = 14.0; ARCHS = arm64; INFOPLIST_FILE = macOS/MLXPC/Info.plist; GENERATE_INFOPLIST_FILE = NO; CODE_SIGN_STYLE = Automatic; CODE_SIGN_ENTITLEMENTS = macOS/MLXPC/ML.entitlements; ENABLE_APP_SANDBOX = YES; ENABLE_HARDENED_RUNTIME = YES; SKIP_INSTALL = YES; MARKETING_VERSION = 1.0.0; CURRENT_PROJECT_VERSION = 1; ENABLE_USER_SCRIPT_SANDBOXING = NO; SWIFT_OBJC_BRIDGING_HEADER = macOS/MLXPC/PythonEmbed.h; HEADER_SEARCH_PATHS = "$(SRCROOT)/../mac/HedonismUploader/.build/bundled-python/runtime/include/python3.13"; FRAMEWORK_SEARCH_PATHS = "$(TARGET_BUILD_DIR)/$(FRAMEWORKS_FOLDER_PATH)"; OTHER_LDFLAGS = "-framework Python"; LD_RUNPATH_SEARCH_PATHS = "@executable_path/../Frameworks"; SWIFT_OPTIMIZATION_LEVEL = "-Onone"; }; name = Debug; };
03384A5C57F5BFD6E8565B3B = { isa = XCBuildConfiguration; buildSettings = { PRODUCT_BUNDLE_IDENTIFIER = host.lumiere.Cogsworth.ML; PRODUCT_NAME = CogsworthML; SWIFT_VERSION = 5.0; SDKROOT = macosx; MACOSX_DEPLOYMENT_TARGET = 14.0; ARCHS = arm64; INFOPLIST_FILE = macOS/MLXPC/Info.plist; GENERATE_INFOPLIST_FILE = NO; CODE_SIGN_STYLE = Automatic; CODE_SIGN_ENTITLEMENTS = macOS/MLXPC/ML.entitlements; ENABLE_APP_SANDBOX = YES; ENABLE_HARDENED_RUNTIME = YES; SKIP_INSTALL = YES; MARKETING_VERSION = 1.0.0; CURRENT_PROJECT_VERSION = 1; ENABLE_USER_SCRIPT_SANDBOXING = NO; SWIFT_OBJC_BRIDGING_HEADER = macOS/MLXPC/PythonEmbed.h; HEADER_SEARCH_PATHS = "$(SRCROOT)/../mac/HedonismUploader/.build/bundled-python/runtime/include/python3.13"; FRAMEWORK_SEARCH_PATHS = "$(TARGET_BUILD_DIR)/$(FRAMEWORKS_FOLDER_PATH)"; OTHER_LDFLAGS = "-framework Python"; LD_RUNPATH_SEARCH_PATHS = "@executable_path/../Frameworks"; SWIFT_OPTIMIZATION_LEVEL = "-O"; }; name = Release; };
EE607C8296FEEDED6CC51784 = { isa = XCBuildConfiguration; buildSettings = { PRODUCT_BUNDLE_IDENTIFIER = host.lumiere.Cogsworth.ML; PRODUCT_NAME = CogsworthML; SWIFT_VERSION = 5.0; SDKROOT = macosx; MACOSX_DEPLOYMENT_TARGET = 14.0; ARCHS = arm64; INFOPLIST_FILE = macOS/MLXPC/Info.plist; GENERATE_INFOPLIST_FILE = NO; CODE_SIGN_STYLE = Automatic; CODE_SIGN_ENTITLEMENTS = macOS/MLXPC/ML.entitlements; ENABLE_APP_SANDBOX = YES; ENABLE_HARDENED_RUNTIME = YES; SKIP_INSTALL = YES; MARKETING_VERSION = 1.0.0; CURRENT_PROJECT_VERSION = 3; ENABLE_USER_SCRIPT_SANDBOXING = NO; SWIFT_OBJC_BRIDGING_HEADER = macOS/MLXPC/PythonEmbed.h; HEADER_SEARCH_PATHS = "$(SRCROOT)/../mac/HedonismUploader/.build/bundled-python/runtime/include/python3.13"; FRAMEWORK_SEARCH_PATHS = "$(TARGET_BUILD_DIR)/$(FRAMEWORKS_FOLDER_PATH)"; OTHER_LDFLAGS = "-framework Python"; LD_RUNPATH_SEARCH_PATHS = "@executable_path/../Frameworks"; SWIFT_OPTIMIZATION_LEVEL = "-O"; }; name = AppStore; };
B20CCEB370198ECF7CAE8E5F = { isa = XCConfigurationList; buildConfigurations = (CA8D33202595EC6A486FAB4A,03384A5C57F5BFD6E8565B3B,EE607C8296FEEDED6CC51784); defaultConfigurationIsVisible = 0; defaultConfigurationName = Release; };
713EAA004B6F70CC404BD1C8 = { isa = PBXFileReference; explicitFileType = "wrapper.xpc-service"; path = CogsworthML.xpc; sourceTree = BUILT_PRODUCTS_DIR; };
57AF573B82D999A490193ABD = { isa = PBXNativeTarget; buildConfigurationList = B20CCEB370198ECF7CAE8E5F; buildPhases = (81F9E9B37DC6CA47C6407CD8,0589AD0736909B3615EFD138,569469F92F2BB5A67B400502); buildRules = (); dependencies = (); name = CogsworthML; packageProductDependencies = (64087FF07CD378C930DAEDBF); productName = CogsworthML; productReference = 713EAA004B6F70CC404BD1C8; productType = "com.apple.product-type.xpc-service"; };
2413D5D291E6C3E24CC0A48B = { isa = PBXContainerItemProxy; containerPortal = 98F54143AB4E86B28C3AFEE0; proxyType = 1; remoteGlobalIDString = 57AF573B82D999A490193ABD; remoteInfo = CogsworthML; };
757C7CE8E271B078E87BA28B = { isa = PBXTargetDependency; target = 57AF573B82D999A490193ABD; targetProxy = 2413D5D291E6C3E24CC0A48B; };
258B1D2DC3B0F8A58BA4F62D = { isa = PBXBuildFile; fileRef = 713EAA004B6F70CC404BD1C8; settings = { ATTRIBUTES = (CodeSignOnCopy,RemoveHeadersOnCopy); }; };
481B82474B56976A0F11024A = { isa = PBXCopyFilesBuildPhase; buildActionMask = 2147483647; dstPath = "$(CONTENTS_FOLDER_PATH)/XPCServices"; dstSubfolderSpec = 16; files = (B1B39F221E666A589A54F282,258B1D2DC3B0F8A58BA4F62D); name = "Embed XPC Services"; runOnlyForDeploymentPostprocessing = 0; };

B7C46C3F6B77EFB6C1270231 = { isa = PBXFileReference; lastKnownFileType = text.xml; path = macOS/UploaderXPC/PrivacyInfo.xcprivacy; sourceTree = SOURCE_ROOT; };
0D7C0FFF9B735A465413C6AE = { isa = PBXBuildFile; fileRef = B7C46C3F6B77EFB6C1270231; };
64264D503E9664683E698D75 = { isa = PBXResourcesBuildPhase; buildActionMask = 2147483647; files = (0D7C0FFF9B735A465413C6AE); runOnlyForDeploymentPostprocessing = 0; };

2DA0E62A82EF4B8AC993CF37 = { isa = PBXBuildFile; fileRef = DCB233273F4488AD4F1C2C19; };
BBE9C09D137E42960C486612 = { isa = PBXBuildFile; fileRef = 78F0E1ADB48DD6B5C3D2C0AF; };
55CA3EACD0978E312CA1B76E = { isa = PBXFileReference; lastKnownFileType = folder.assetcatalog; path = ChipMac/Assets.xcassets; sourceTree = SOURCE_ROOT; };
55253D0F709C03E2DAD0FAA0 = { isa = PBXBuildFile; fileRef = 55CA3EACD0978E312CA1B76E; };
3B769B9462696F543A56CD47 = { isa = PBXFileReference; lastKnownFileType = text.xml; path = ChipMac/PrivacyInfo.xcprivacy; sourceTree = SOURCE_ROOT; };
48A098BBF72BB03E8B0B00C1 = { isa = PBXBuildFile; fileRef = 3B769B9462696F543A56CD47; };
C5EB066E829DFFC2BD6032B5 = { isa = PBXFileReference; lastKnownFileType = text.plist.xml; path = ChipMac/Info.plist; sourceTree = SOURCE_ROOT; };
0E44D120B02ED5959A5F6EFE = { isa = PBXFileReference; lastKnownFileType = text.plist.entitlements; path = ChipMac/Chip.entitlements; sourceTree = SOURCE_ROOT; };
6EE8740E3505E8F48301A934 = { isa = PBXGroup; children = (55CA3EACD0978E312CA1B76E,3B769B9462696F543A56CD47,C5EB066E829DFFC2BD6032B5,0E44D120B02ED5959A5F6EFE); name = ChipMac; sourceTree = "<group>"; };
3E03BFA3BE1F29A895A14844 = { isa = PBXFileReference; explicitFileType = wrapper.application; path = Chip.app; sourceTree = BUILT_PRODUCTS_DIR; };
3C0749D2CCCE32E1FD0E19DF = { isa = XCSwiftPackageProductDependency; package = 582681C2EAE02B3F3D399C0C; productName = UploaderCore; };
60E51F66DD818DFDB15E2056 = { isa = PBXBuildFile; productRef = 3C0749D2CCCE32E1FD0E19DF; };
C06091B0168D210EADDFE68F = { isa = PBXSourcesBuildPhase; buildActionMask = 2147483647; files = (2DA0E62A82EF4B8AC993CF37,BBE9C09D137E42960C486612); runOnlyForDeploymentPostprocessing = 0; };
78D0CE9C185C5D7C84672C8C = { isa = PBXFrameworksBuildPhase; buildActionMask = 2147483647; files = (60E51F66DD818DFDB15E2056); runOnlyForDeploymentPostprocessing = 0; };
800255A92FBDABAF0CBE9387 = { isa = PBXResourcesBuildPhase; buildActionMask = 2147483647; files = (55253D0F709C03E2DAD0FAA0,48A098BBF72BB03E8B0B00C1); runOnlyForDeploymentPostprocessing = 0; };
5A507174C96BD89EF5157465 = { isa = XCBuildConfiguration; buildSettings = { PRODUCT_BUNDLE_IDENTIFIER = social.hotmess.LumiereMobile; PRODUCT_NAME = Chip; INFOPLIST_FILE = ChipMac/Info.plist; GENERATE_INFOPLIST_FILE = YES; ASSETCATALOG_COMPILER_APPICON_NAME = AppIcon; MARKETING_VERSION = 1.0.0; CURRENT_PROJECT_VERSION = 3; SWIFT_VERSION = 5.0; SDKROOT = macosx; SUPPORTED_PLATFORMS = macosx; MACOSX_DEPLOYMENT_TARGET = 14.0; CODE_SIGN_STYLE = Automatic; CODE_SIGN_ENTITLEMENTS = ChipMac/Chip.entitlements; ENABLE_APP_SANDBOX = YES; ENABLE_HARDENED_RUNTIME = YES; ONLY_ACTIVE_ARCH = YES; SWIFT_ACTIVE_COMPILATION_CONDITIONS = DEBUG; SWIFT_OPTIMIZATION_LEVEL = "-Onone"; }; name = Debug; };
FEF6CE6CBA673E60062E01B5 = { isa = XCBuildConfiguration; buildSettings = { PRODUCT_BUNDLE_IDENTIFIER = social.hotmess.LumiereMobile; PRODUCT_NAME = Chip; INFOPLIST_FILE = ChipMac/Info.plist; GENERATE_INFOPLIST_FILE = YES; ASSETCATALOG_COMPILER_APPICON_NAME = AppIcon; MARKETING_VERSION = 1.0.0; CURRENT_PROJECT_VERSION = 3; SWIFT_VERSION = 5.0; SDKROOT = macosx; SUPPORTED_PLATFORMS = macosx; MACOSX_DEPLOYMENT_TARGET = 14.0; CODE_SIGN_STYLE = Automatic; CODE_SIGN_ENTITLEMENTS = ChipMac/Chip.entitlements; ENABLE_APP_SANDBOX = YES; ENABLE_HARDENED_RUNTIME = YES; SWIFT_OPTIMIZATION_LEVEL = "-O"; }; name = Release; };
7B618C9BF8C13CF60956537D = { isa = XCBuildConfiguration; buildSettings = { PRODUCT_BUNDLE_IDENTIFIER = social.hotmess.LumiereMobile; PRODUCT_NAME = Chip; INFOPLIST_FILE = ChipMac/Info.plist; GENERATE_INFOPLIST_FILE = YES; ASSETCATALOG_COMPILER_APPICON_NAME = AppIcon; MARKETING_VERSION = 1.0.0; CURRENT_PROJECT_VERSION = 3; SWIFT_VERSION = 5.0; SDKROOT = macosx; SUPPORTED_PLATFORMS = macosx; MACOSX_DEPLOYMENT_TARGET = 14.0; CODE_SIGN_STYLE = Automatic; CODE_SIGN_ENTITLEMENTS = ChipMac/Chip.entitlements; ENABLE_APP_SANDBOX = YES; ENABLE_HARDENED_RUNTIME = YES; SWIFT_OPTIMIZATION_LEVEL = "-O"; }; name = AppStore; };
F0793021AB07E9BACE18DED9 = { isa = XCConfigurationList; buildConfigurations = (5A507174C96BD89EF5157465,FEF6CE6CBA673E60062E01B5,7B618C9BF8C13CF60956537D); defaultConfigurationIsVisible = 0; defaultConfigurationName = Release; };
776EA9DA6BF80E918C213F13 = { isa = PBXNativeTarget; buildConfigurationList = F0793021AB07E9BACE18DED9; buildPhases = (C06091B0168D210EADDFE68F,78D0CE9C185C5D7C84672C8C,800255A92FBDABAF0CBE9387); buildRules = (); dependencies = (); name = ChipMac; packageProductDependencies = (3C0749D2CCCE32E1FD0E19DF); productName = Chip; productReference = 3E03BFA3BE1F29A895A14844; productType = "com.apple.product-type.application"; };
}; rootObject = 98F54143AB4E86B28C3AFEE0; }
